{
  "requires": true,
  "lockfileVersion": 1,
  "dependencies": {
    "ng2-currency-mask": {
      "version": "11.0.0",
      "resolved": "https://registry.npmjs.org/ng2-currency-mask/-/ng2-currency-mask-11.0.0.tgz",
      "integrity": "sha512-+jSqTMP7eKISA+PUFEFYfi2zlpP/JuYcKrVxcD0gTIflBlbr8GoD3Iace/Z5/s0zZmSvPJk2eGQB0X05GAf1ug==",
      "requires": {
        "tslib": "^2.0.0"
      }
    },
    "ngx-mask": {
      "version": "12.0.0",
      "resolved": "https://registry.npmjs.org/ngx-mask/-/ngx-mask-12.0.0.tgz",
      "integrity": "sha512-q4vUjhjJfg4faRud/tUdCTOs3JA6B+rBB2OPZ2xBZy4LNTRKGfUK683LrDCitMVBezjEAVrkQdUT1I4C7LXBZQ==",
      "requires": {
        "tslib": "^2.1.0"
      }
    },
    "tslib": {
      "version": "2.2.0",
      "resolved": "https://registry.npmjs.org/tslib/-/tslib-2.2.0.tgz",
      "integrity": "sha512-gS9GVHRU+RGn5KQM2rllAlR3dU6m7AcpJKdtH8gFvQiC4Otgk98XnmMU+nZenHt/+VhnBPWwgrJsyrdcw6i23w=="
    }
  }
}
